
Microsoft Visual Studio Solution File, Format Version 12.00
# Visual Studio 2013
VisualStudioVersion = 12.0.31101.0
MinimumVisualStudioVersion = 10.0.40219.1
Project("{FAE04EC0-301F-11D3-BF4B-00C04F79EFBC}") = "Division", "Division\Division.csproj", "{EA96D48D-F327-4637-9F17-193BAF1B7C90}"
EndProject
Global
	GlobalSection(SolutionConfigurationPlatforms) = preSolution
		Debug|Any CPU = Debug|Any CPU
		Release|Any CPU = Release|Any CPU
	EndGlobalSection
	GlobalSection(ProjectConfigurationPlatforms) = postSolution
		{EA96D48D-F327-4637-9F17-193BAF1B7C90}.Debug|Any CPU.ActiveCfg = Debug|Any CPU
		{EA96D48D-F327-4637-9F17-193BAF1B7C90}.Debug|Any CPU.Build.0 = Debug|Any CPU
		{EA96D48D-F327-4637-9F17-193BAF1B7C90}.Release|Any CPU.ActiveCfg = Release|Any CPU
		{EA96D48D-F327-4637-9F17-193BAF1B7C90}.Release|Any CPU.Build.0 = Release|Any CPU
	EndGlobalSection
	GlobalSection(SolutionProperties) = preSolution
		HideSolutionNode = FALSE
	EndGlobalSection
EndGlobal
