
Microsoft Visual Studio Solution File, Format Version 12.00
# Visual Studio 2013
VisualStudioVersion = 12.0.31101.0
MinimumVisualStudioVersion = 10.0.40219.1
Project("{FAE04EC0-301F-11D3-BF4B-00C04F79EFBC}") = "AplicacionPrincipal", "AplicacionPrincipal\AplicacionPrincipal.csproj", "{7DE0AFCC-D3BF-4BE8-8C6D-0D9A98485E09}"
EndProject
Project("{FAE04EC0-301F-11D3-BF4B-00C04F79EFBC}") = "LogicaDeAplicacion", "LogicaDeAplicacion\LogicaDeAplicacion.csproj", "{B173A973-C54E-4BAD-B389-F766608092C3}"
EndProject
Global
	GlobalSection(SolutionConfigurationPlatforms) = preSolution
		Debug|Any CPU = Debug|Any CPU
		Release|Any CPU = Release|Any CPU
	EndGlobalSection
	GlobalSection(ProjectConfigurationPlatforms) = postSolution
		{7DE0AFCC-D3BF-4BE8-8C6D-0D9A98485E09}.Debug|Any CPU.ActiveCfg = Debug|Any CPU
		{7DE0AFCC-D3BF-4BE8-8C6D-0D9A98485E09}.Debug|Any CPU.Build.0 = Debug|Any CPU
		{7DE0AFCC-D3BF-4BE8-8C6D-0D9A98485E09}.Release|Any CPU.ActiveCfg = Release|Any CPU
		{7DE0AFCC-D3BF-4BE8-8C6D-0D9A98485E09}.Release|Any CPU.Build.0 = Release|Any CPU
		{B173A973-C54E-4BAD-B389-F766608092C3}.Debug|Any CPU.ActiveCfg = Debug|Any CPU
		{B173A973-C54E-4BAD-B389-F766608092C3}.Debug|Any CPU.Build.0 = Debug|Any CPU
		{B173A973-C54E-4BAD-B389-F766608092C3}.Release|Any CPU.ActiveCfg = Release|Any CPU
		{B173A973-C54E-4BAD-B389-F766608092C3}.Release|Any CPU.Build.0 = Release|Any CPU
	EndGlobalSection
	GlobalSection(SolutionProperties) = preSolution
		HideSolutionNode = FALSE
	EndGlobalSection
EndGlobal
